
Microsoft Visual Studio Solution File, Format Version 12.00
# Visual Studio Version 17
VisualStudioVersion = 17.8.34309.116
MinimumVisualStudioVersion = 10.0.40219.1
Project("{FAE04EC0-301F-11D3-BF4B-00C04F79EFBC}") = "Binder", "Binder.csproj", "{611F018E-0F5A-40B4-ABC5-15D31EBF55E8}"
EndProject
Project("{54435603-DBB4-11D2-8724-00A0C9A8B90C}") = "ImageBinderSetup", "..\ImageBinderSetup\ImageBinderSetup.vdproj", "{4E71C434-CC23-4D81-9882-53CEC371D4A5}"
EndProject
Global
	GlobalSection(SolutionConfigurationPlatforms) = preSolution
		Debug|Any CPU = Debug|Any CPU
		Debug|x64 = Debug|x64
		Release|Any CPU = Release|Any CPU
		Release|x64 = Release|x64
	EndGlobalSection
	GlobalSection(ProjectConfigurationPlatforms) = postSolution
		{611F018E-0F5A-40B4-ABC5-15D31EBF55E8}.Debug|Any CPU.ActiveCfg = Debug|Any CPU
		{611F018E-0F5A-40B4-ABC5-15D31EBF55E8}.Debug|Any CPU.Build.0 = Debug|Any CPU
		{611F018E-0F5A-40B4-ABC5-15D31EBF55E8}.Debug|x64.ActiveCfg = Debug|x64
		{611F018E-0F5A-40B4-ABC5-15D31EBF55E8}.Debug|x64.Build.0 = Debug|x64
		{611F018E-0F5A-40B4-ABC5-15D31EBF55E8}.Release|Any CPU.ActiveCfg = Release|Any CPU
		{611F018E-0F5A-40B4-ABC5-15D31EBF55E8}.Release|Any CPU.Build.0 = Release|Any CPU
		{611F018E-0F5A-40B4-ABC5-15D31EBF55E8}.Release|x64.ActiveCfg = Release|x64
		{611F018E-0F5A-40B4-ABC5-15D31EBF55E8}.Release|x64.Build.0 = Release|x64
		{4E71C434-CC23-4D81-9882-53CEC371D4A5}.Debug|Any CPU.ActiveCfg = Debug
		{4E71C434-CC23-4D81-9882-53CEC371D4A5}.Debug|x64.ActiveCfg = Debug
		{4E71C434-CC23-4D81-9882-53CEC371D4A5}.Debug|x64.Build.0 = Debug
		{4E71C434-CC23-4D81-9882-53CEC371D4A5}.Release|Any CPU.ActiveCfg = Release
		{4E71C434-CC23-4D81-9882-53CEC371D4A5}.Release|x64.ActiveCfg = Release
		{4E71C434-CC23-4D81-9882-53CEC371D4A5}.Release|x64.Build.0 = Release
	EndGlobalSection
	GlobalSection(SolutionProperties) = preSolution
		HideSolutionNode = FALSE
	EndGlobalSection
	GlobalSection(ExtensibilityGlobals) = postSolution
		SolutionGuid = {88C35B44-11E8-4BAE-82CD-FAB32FDCDC57}
	EndGlobalSection
EndGlobal
